
Microsoft Visual Studio Solution File, Format Version 12.00
# Visual Studio Version 16
VisualStudioVersion = 25.0.1706.5
MinimumVisualStudioVersion = 10.0.40219.1
Project("{FAE04EC0-301F-11D3-BF4B-00C04F79EFBC}") = "JomSibu.MobileApp", "JomSibu\JomSibu.MobileApp.csproj", "{19E2E6E8-5073-4DDC-B940-5B89FD04107B}"
EndProject
Global
	GlobalSection(SolutionConfigurationPlatforms) = preSolution
		Debug|Any CPU = Debug|Any CPU
		Release|Any CPU = Release|Any CPU
	EndGlobalSection
	GlobalSection(ProjectConfigurationPlatforms) = postSolution
		{19E2E6E8-5073-4DDC-B940-5B89FD04107B}.Debug|Any CPU.ActiveCfg = Debug|Any CPU
		{19E2E6E8-5073-4DDC-B940-5B89FD04107B}.Debug|Any CPU.Build.0 = Debug|Any CPU
		{19E2E6E8-5073-4DDC-B940-5B89FD04107B}.Release|Any CPU.ActiveCfg = Release|Any CPU
		{19E2E6E8-5073-4DDC-B940-5B89FD04107B}.Release|Any CPU.Build.0 = Release|Any CPU
	EndGlobalSection
	GlobalSection(SolutionProperties) = preSolution
		HideSolutionNode = FALSE
	EndGlobalSection
	GlobalSection(ExtensibilityGlobals) = postSolution
		SolutionGuid = {3688F579-7961-46FC-917A-D1E89D147D45}
	EndGlobalSection
EndGlobal
